
Microsoft Visual Studio Solution File, Format Version 12.00
# Visual Studio Version 16
VisualStudioVersion = 16.0.32413.511
MinimumVisualStudioVersion = 10.0.40219.1
Project("{FAE04EC0-301F-11D3-BF4B-00C04F79EFBC}") = "SILAEV_PRACT_5", "SILAEV_PRACT_5\SILAEV_PRACT_5.csproj", "{CE57AE64-C805-4296-AD45-8AB946782066}"
EndProject
Global
	GlobalSection(SolutionConfigurationPlatforms) = preSolution
		Debug|Any CPU = Debug|Any CPU
		Release|Any CPU = Release|Any CPU
	EndGlobalSection
	GlobalSection(ProjectConfigurationPlatforms) = postSolution
		{CE57AE64-C805-4296-AD45-8AB946782066}.Debug|Any CPU.ActiveCfg = Debug|Any CPU
		{CE57AE64-C805-4296-AD45-8AB946782066}.Debug|Any CPU.Build.0 = Debug|Any CPU
		{CE57AE64-C805-4296-AD45-8AB946782066}.Release|Any CPU.ActiveCfg = Release|Any CPU
		{CE57AE64-C805-4296-AD45-8AB946782066}.Release|Any CPU.Build.0 = Release|Any CPU
	EndGlobalSection
	GlobalSection(SolutionProperties) = preSolution
		HideSolutionNode = FALSE
	EndGlobalSection
	GlobalSection(ExtensibilityGlobals) = postSolution
		SolutionGuid = {1613DE8F-C28F-48BA-B40C-FCB6DA819BD6}
	EndGlobalSection
EndGlobal
